
Microsoft Visual Studio Solution File, Format Version 12.00
# Visual Studio Version 17
VisualStudioVersion = 17.8.34330.188
MinimumVisualStudioVersion = 10.0.40219.1
Project("{9A19103F-16F7-4668-BE54-9A1E7A4F7556}") = "Wish.JournalApi", "src\Wish.JournalApi\Wish.JournalApi.csproj", "{0F8047F8-DECE-46D9-B458-308E49960CA7}"
EndProject
Project("{2150E333-8FDC-42A3-9474-1A3956D46DE8}") = "1-Domain", "1-Domain", "{B1D76EF0-75AF-4199-A13C-F7DF10E512B2}"
EndProject
Project("{2150E333-8FDC-42A3-9474-1A3956D46DE8}") = "2-DomainServices", "2-DomainServices", "{2B81C414-6D90-419A-935D-9F04B7FA40E1}"
EndProject
Project("{2150E333-8FDC-42A3-9474-1A3956D46DE8}") = "3-ApplicationServices", "3-ApplicationServices", "{A6FF3539-BBF1-4C66-B233-2EA73F4CE268}"
EndProject
Project("{2150E333-8FDC-42A3-9474-1A3956D46DE8}") = "4-Apps", "4-Apps", "{B3997431-4091-4676-B3E3-C547FC6BFC71}"
EndProject
Project("{2150E333-8FDC-42A3-9474-1A3956D46DE8}") = "4-Infrastructure", "4-Infrastructure", "{F4361A2C-FA5F-4060-B2B1-422E693FA895}"
EndProject
Project("{2150E333-8FDC-42A3-9474-1A3956D46DE8}") = "4-Tests", "4-Tests", "{454BD6B0-00C3-4ADC-BA6E-1A7FF2170D76}"
EndProject
Project("{2150E333-8FDC-42A3-9474-1A3956D46DE8}") = "5-CrossCutting", "5-CrossCutting", "{418F8DAA-C7A0-46EB-B33F-E0594F1BD7E3}"
EndProject
Project("{9A19103F-16F7-4668-BE54-9A1E7A4F7556}") = "Wish.Shared", "src\Wish.Shared\Wish.Shared.csproj", "{8F14F1C2-9FFC-4267-869D-FC4D0BD6D3A7}"
EndProject
Project("{9A19103F-16F7-4668-BE54-9A1E7A4F7556}") = "Wish.WeatherTomorrowService", "src\Wish.WeatherTomorrowService\Wish.WeatherTomorrowService.csproj", "{103A9CB5-2D8F-4ED3-A52B-63AED105C8F4}"
EndProject
Project("{9A19103F-16F7-4668-BE54-9A1E7A4F7556}") = "Wish", "src\Wish\Wish.csproj", "{3F2F9467-2BC5-4F33-BA68-D5FC00EAB600}"
EndProject
Project("{9A19103F-16F7-4668-BE54-9A1E7A4F7556}") = "Wish.LocationGeocodeService", "src\Wish.LocationGeocodeService\Wish.LocationGeocodeService.csproj", "{0E0387CC-59B6-4E9C-9C16-8314196644EB}"
EndProject
Project("{9A19103F-16F7-4668-BE54-9A1E7A4F7556}") = "Wish.JournalApplication", "src\Wish.JournalApplication\Wish.JournalApplication.csproj", "{B14BC54F-BA76-41C3-B1C2-6DB01D4BA18B}"
EndProject
Project("{9A19103F-16F7-4668-BE54-9A1E7A4F7556}") = "Wish.JournalAzureSqlServer", "src\Wish.JournalAzureSqlServer\Wish.JournalAzureSqlServer.csproj", "{B8BA446D-E0EB-4A09-8530-6C91C3208835}"
EndProject
Project("{9A19103F-16F7-4668-BE54-9A1E7A4F7556}") = "Wish.JournalAzureTableStorage", "src\Wish.JournalAzureTableStorage\Wish.JournalAzureTableStorage.csproj", "{3EB95403-FE8C-4134-8E25-F1472AA21753}"
EndProject
Project("{9A19103F-16F7-4668-BE54-9A1E7A4F7556}") = "Wish.Services", "src\Wish.Services\Wish.Services.csproj", "{238E325F-3C36-424E-B40F-A95DED077C2F}"
EndProject
Project("{9A19103F-16F7-4668-BE54-9A1E7A4F7556}") = "Wish.IpGeolocationService", "src\Wish.IpGeolocationService\Wish.IpGeolocationService.csproj", "{EB595327-78C2-4CC2-97D0-264A4636081A}"
EndProject
Project("{9A19103F-16F7-4668-BE54-9A1E7A4F7556}") = "Wish.JournalCommandSvc", "src\Wish.JournalCommandSvc\Wish.JournalCommandSvc.csproj", "{A14DD1C9-7B9C-4273-B585-AC5FD3C7B8D8}"
EndProject
Project("{9A19103F-16F7-4668-BE54-9A1E7A4F7556}") = "Wish.JournalEventSvc", "src\Wish.JournalEventSvc\Wish.JournalEventSvc.csproj", "{13B0D43F-265C-41F3-BB31-AC1098F53B7D}"
EndProject
Project("{9A19103F-16F7-4668-BE54-9A1E7A4F7556}") = "Wish.StatusCommandSvc", "src\Wish.StatusCommandSvc\Wish.StatusCommandSvc.csproj", "{5686E68B-9EA9-45A1-A83B-EE20EAABDAA4}"
EndProject
Global
	GlobalSection(SolutionConfigurationPlatforms) = preSolution
		Debug|Any CPU = Debug|Any CPU
		Release|Any CPU = Release|Any CPU
	EndGlobalSection
	GlobalSection(ProjectConfigurationPlatforms) = postSolution
		{0F8047F8-DECE-46D9-B458-308E49960CA7}.Debug|Any CPU.ActiveCfg = Debug|Any CPU
		{0F8047F8-DECE-46D9-B458-308E49960CA7}.Debug|Any CPU.Build.0 = Debug|Any CPU
		{0F8047F8-DECE-46D9-B458-308E49960CA7}.Release|Any CPU.ActiveCfg = Release|Any CPU
		{0F8047F8-DECE-46D9-B458-308E49960CA7}.Release|Any CPU.Build.0 = Release|Any CPU
		{8F14F1C2-9FFC-4267-869D-FC4D0BD6D3A7}.Debug|Any CPU.ActiveCfg = Debug|Any CPU
		{8F14F1C2-9FFC-4267-869D-FC4D0BD6D3A7}.Debug|Any CPU.Build.0 = Debug|Any CPU
		{8F14F1C2-9FFC-4267-869D-FC4D0BD6D3A7}.Release|Any CPU.ActiveCfg = Release|Any CPU
		{8F14F1C2-9FFC-4267-869D-FC4D0BD6D3A7}.Release|Any CPU.Build.0 = Release|Any CPU
		{103A9CB5-2D8F-4ED3-A52B-63AED105C8F4}.Debug|Any CPU.ActiveCfg = Debug|Any CPU
		{103A9CB5-2D8F-4ED3-A52B-63AED105C8F4}.Debug|Any CPU.Build.0 = Debug|Any CPU
		{103A9CB5-2D8F-4ED3-A52B-63AED105C8F4}.Release|Any CPU.ActiveCfg = Release|Any CPU
		{103A9CB5-2D8F-4ED3-A52B-63AED105C8F4}.Release|Any CPU.Build.0 = Release|Any CPU
		{3F2F9467-2BC5-4F33-BA68-D5FC00EAB600}.Debug|Any CPU.ActiveCfg = Debug|Any CPU
		{3F2F9467-2BC5-4F33-BA68-D5FC00EAB600}.Debug|Any CPU.Build.0 = Debug|Any CPU
		{3F2F9467-2BC5-4F33-BA68-D5FC00EAB600}.Release|Any CPU.ActiveCfg = Release|Any CPU
		{3F2F9467-2BC5-4F33-BA68-D5FC00EAB600}.Release|Any CPU.Build.0 = Release|Any CPU
		{0E0387CC-59B6-4E9C-9C16-8314196644EB}.Debug|Any CPU.ActiveCfg = Debug|Any CPU
		{0E0387CC-59B6-4E9C-9C16-8314196644EB}.Debug|Any CPU.Build.0 = Debug|Any CPU
		{0E0387CC-59B6-4E9C-9C16-8314196644EB}.Release|Any CPU.ActiveCfg = Release|Any CPU
		{0E0387CC-59B6-4E9C-9C16-8314196644EB}.Release|Any CPU.Build.0 = Release|Any CPU
		{B14BC54F-BA76-41C3-B1C2-6DB01D4BA18B}.Debug|Any CPU.ActiveCfg = Debug|Any CPU
		{B14BC54F-BA76-41C3-B1C2-6DB01D4BA18B}.Debug|Any CPU.Build.0 = Debug|Any CPU
		{B14BC54F-BA76-41C3-B1C2-6DB01D4BA18B}.Release|Any CPU.ActiveCfg = Release|Any CPU
		{B14BC54F-BA76-41C3-B1C2-6DB01D4BA18B}.Release|Any CPU.Build.0 = Release|Any CPU
		{B8BA446D-E0EB-4A09-8530-6C91C3208835}.Debug|Any CPU.ActiveCfg = Debug|Any CPU
		{B8BA446D-E0EB-4A09-8530-6C91C3208835}.Debug|Any CPU.Build.0 = Debug|Any CPU
		{B8BA446D-E0EB-4A09-8530-6C91C3208835}.Release|Any CPU.ActiveCfg = Release|Any CPU
		{B8BA446D-E0EB-4A09-8530-6C91C3208835}.Release|Any CPU.Build.0 = Release|Any CPU
		{3EB95403-FE8C-4134-8E25-F1472AA21753}.Debug|Any CPU.ActiveCfg = Debug|Any CPU
		{3EB95403-FE8C-4134-8E25-F1472AA21753}.Debug|Any CPU.Build.0 = Debug|Any CPU
		{3EB95403-FE8C-4134-8E25-F1472AA21753}.Release|Any CPU.ActiveCfg = Release|Any CPU
		{3EB95403-FE8C-4134-8E25-F1472AA21753}.Release|Any CPU.Build.0 = Release|Any CPU
		{238E325F-3C36-424E-B40F-A95DED077C2F}.Debug|Any CPU.ActiveCfg = Debug|Any CPU
		{238E325F-3C36-424E-B40F-A95DED077C2F}.Debug|Any CPU.Build.0 = Debug|Any CPU
		{238E325F-3C36-424E-B40F-A95DED077C2F}.Release|Any CPU.ActiveCfg = Release|Any CPU
		{238E325F-3C36-424E-B40F-A95DED077C2F}.Release|Any CPU.Build.0 = Release|Any CPU
		{EB595327-78C2-4CC2-97D0-264A4636081A}.Debug|Any CPU.ActiveCfg = Debug|Any CPU
		{EB595327-78C2-4CC2-97D0-264A4636081A}.Debug|Any CPU.Build.0 = Debug|Any CPU
		{EB595327-78C2-4CC2-97D0-264A4636081A}.Release|Any CPU.ActiveCfg = Release|Any CPU
		{EB595327-78C2-4CC2-97D0-264A4636081A}.Release|Any CPU.Build.0 = Release|Any CPU
		{A14DD1C9-7B9C-4273-B585-AC5FD3C7B8D8}.Debug|Any CPU.ActiveCfg = Debug|Any CPU
		{A14DD1C9-7B9C-4273-B585-AC5FD3C7B8D8}.Debug|Any CPU.Build.0 = Debug|Any CPU
		{A14DD1C9-7B9C-4273-B585-AC5FD3C7B8D8}.Release|Any CPU.ActiveCfg = Release|Any CPU
		{A14DD1C9-7B9C-4273-B585-AC5FD3C7B8D8}.Release|Any CPU.Build.0 = Release|Any CPU
		{13B0D43F-265C-41F3-BB31-AC1098F53B7D}.Debug|Any CPU.ActiveCfg = Debug|Any CPU
		{13B0D43F-265C-41F3-BB31-AC1098F53B7D}.Debug|Any CPU.Build.0 = Debug|Any CPU
		{13B0D43F-265C-41F3-BB31-AC1098F53B7D}.Release|Any CPU.ActiveCfg = Release|Any CPU
		{13B0D43F-265C-41F3-BB31-AC1098F53B7D}.Release|Any CPU.Build.0 = Release|Any CPU
		{5686E68B-9EA9-45A1-A83B-EE20EAABDAA4}.Debug|Any CPU.ActiveCfg = Debug|Any CPU
		{5686E68B-9EA9-45A1-A83B-EE20EAABDAA4}.Debug|Any CPU.Build.0 = Debug|Any CPU
		{5686E68B-9EA9-45A1-A83B-EE20EAABDAA4}.Release|Any CPU.ActiveCfg = Release|Any CPU
		{5686E68B-9EA9-45A1-A83B-EE20EAABDAA4}.Release|Any CPU.Build.0 = Release|Any CPU
	EndGlobalSection
	GlobalSection(SolutionProperties) = preSolution
		HideSolutionNode = FALSE
	EndGlobalSection
	GlobalSection(NestedProjects) = preSolution
		{0F8047F8-DECE-46D9-B458-308E49960CA7} = {B3997431-4091-4676-B3E3-C547FC6BFC71}
		{8F14F1C2-9FFC-4267-869D-FC4D0BD6D3A7} = {418F8DAA-C7A0-46EB-B33F-E0594F1BD7E3}
		{103A9CB5-2D8F-4ED3-A52B-63AED105C8F4} = {F4361A2C-FA5F-4060-B2B1-422E693FA895}
		{3F2F9467-2BC5-4F33-BA68-D5FC00EAB600} = {B1D76EF0-75AF-4199-A13C-F7DF10E512B2}
		{0E0387CC-59B6-4E9C-9C16-8314196644EB} = {F4361A2C-FA5F-4060-B2B1-422E693FA895}
		{B14BC54F-BA76-41C3-B1C2-6DB01D4BA18B} = {A6FF3539-BBF1-4C66-B233-2EA73F4CE268}
		{B8BA446D-E0EB-4A09-8530-6C91C3208835} = {F4361A2C-FA5F-4060-B2B1-422E693FA895}
		{3EB95403-FE8C-4134-8E25-F1472AA21753} = {F4361A2C-FA5F-4060-B2B1-422E693FA895}
		{238E325F-3C36-424E-B40F-A95DED077C2F} = {2B81C414-6D90-419A-935D-9F04B7FA40E1}
		{EB595327-78C2-4CC2-97D0-264A4636081A} = {F4361A2C-FA5F-4060-B2B1-422E693FA895}
		{A14DD1C9-7B9C-4273-B585-AC5FD3C7B8D8} = {B3997431-4091-4676-B3E3-C547FC6BFC71}
		{13B0D43F-265C-41F3-BB31-AC1098F53B7D} = {B3997431-4091-4676-B3E3-C547FC6BFC71}
		{5686E68B-9EA9-45A1-A83B-EE20EAABDAA4} = {B3997431-4091-4676-B3E3-C547FC6BFC71}
	EndGlobalSection
	GlobalSection(ExtensibilityGlobals) = postSolution
		SolutionGuid = {C37FA292-11E4-46C0-8AE5-A89C6EE6ED78}
	EndGlobalSection
EndGlobal
